
Microsoft Visual Studio Solution File, Format Version 12.00
# Visual Studio Version 16
VisualStudioVersion = 16.0.31205.134
MinimumVisualStudioVersion = 10.0.40219.1
Project("{FAE04EC0-301F-11D3-BF4B-00C04F79EFBC}") = "conditionAndLoops", "conditionAndLoops\conditionAndLoops.csproj", "{F726C17E-1F7B-44C5-8BD1-CA3FEA906542}"
EndProject
Global
	GlobalSection(SolutionConfigurationPlatforms) = preSolution
		Debug|Any CPU = Debug|Any CPU
		Release|Any CPU = Release|Any CPU
	EndGlobalSection
	GlobalSection(ProjectConfigurationPlatforms) = postSolution
		{F726C17E-1F7B-44C5-8BD1-CA3FEA906542}.Debug|Any CPU.ActiveCfg = Debug|Any CPU
		{F726C17E-1F7B-44C5-8BD1-CA3FEA906542}.Debug|Any CPU.Build.0 = Debug|Any CPU
		{F726C17E-1F7B-44C5-8BD1-CA3FEA906542}.Release|Any CPU.ActiveCfg = Release|Any CPU
		{F726C17E-1F7B-44C5-8BD1-CA3FEA906542}.Release|Any CPU.Build.0 = Release|Any CPU
	EndGlobalSection
	GlobalSection(SolutionProperties) = preSolution
		HideSolutionNode = FALSE
	EndGlobalSection
	GlobalSection(ExtensibilityGlobals) = postSolution
		SolutionGuid = {B784E698-9577-4F48-AED1-F87AA6D04C3C}
	EndGlobalSection
EndGlobal
