
Microsoft Visual Studio Solution File, Format Version 12.00
# Visual Studio Version 16
VisualStudioVersion = 16.0.31205.134
MinimumVisualStudioVersion = 10.0.40219.1
Project("{FAE04EC0-301F-11D3-BF4B-00C04F79EFBC}") = "exercise 15", "exercise 15.csproj", "{3BC10D6B-AED8-4B2D-988F-D90AF7099C3B}"
EndProject
Global
	GlobalSection(SolutionConfigurationPlatforms) = preSolution
		Debug|Any CPU = Debug|Any CPU
		Release|Any CPU = Release|Any CPU
	EndGlobalSection
	GlobalSection(ProjectConfigurationPlatforms) = postSolution
		{3BC10D6B-AED8-4B2D-988F-D90AF7099C3B}.Debug|Any CPU.ActiveCfg = Debug|Any CPU
		{3BC10D6B-AED8-4B2D-988F-D90AF7099C3B}.Debug|Any CPU.Build.0 = Debug|Any CPU
		{3BC10D6B-AED8-4B2D-988F-D90AF7099C3B}.Release|Any CPU.ActiveCfg = Release|Any CPU
		{3BC10D6B-AED8-4B2D-988F-D90AF7099C3B}.Release|Any CPU.Build.0 = Release|Any CPU
	EndGlobalSection
	GlobalSection(SolutionProperties) = preSolution
		HideSolutionNode = FALSE
	EndGlobalSection
	GlobalSection(ExtensibilityGlobals) = postSolution
		SolutionGuid = {6C93BABC-E1F0-403D-9810-6E869ABCC525}
	EndGlobalSection
EndGlobal
