
Microsoft Visual Studio Solution File, Format Version 12.00
# Visual Studio Version 16
VisualStudioVersion = 16.0.31205.134
MinimumVisualStudioVersion = 10.0.40219.1
Project("{FAE04EC0-301F-11D3-BF4B-00C04F79EFBC}") = "exercise 11", "exercise 11.csproj", "{4419D29C-D481-4BD2-A414-DF5B9D427713}"
EndProject
Global
	GlobalSection(SolutionConfigurationPlatforms) = preSolution
		Debug|Any CPU = Debug|Any CPU
		Release|Any CPU = Release|Any CPU
	EndGlobalSection
	GlobalSection(ProjectConfigurationPlatforms) = postSolution
		{4419D29C-D481-4BD2-A414-DF5B9D427713}.Debug|Any CPU.ActiveCfg = Debug|Any CPU
		{4419D29C-D481-4BD2-A414-DF5B9D427713}.Debug|Any CPU.Build.0 = Debug|Any CPU
		{4419D29C-D481-4BD2-A414-DF5B9D427713}.Release|Any CPU.ActiveCfg = Release|Any CPU
		{4419D29C-D481-4BD2-A414-DF5B9D427713}.Release|Any CPU.Build.0 = Release|Any CPU
	EndGlobalSection
	GlobalSection(SolutionProperties) = preSolution
		HideSolutionNode = FALSE
	EndGlobalSection
	GlobalSection(ExtensibilityGlobals) = postSolution
		SolutionGuid = {4F89D1D8-9B04-45D3-9453-54FAD8005BD0}
	EndGlobalSection
EndGlobal
