
Microsoft Visual Studio Solution File, Format Version 12.00
# Visual Studio Version 16
VisualStudioVersion = 16.0.31205.134
MinimumVisualStudioVersion = 10.0.40219.1
Project("{FAE04EC0-301F-11D3-BF4B-00C04F79EFBC}") = "exercise 6", "exercise 6\exercise 6.csproj", "{95109570-15E9-450E-A0C8-95D5D4B352D0}"
EndProject
Global
	GlobalSection(SolutionConfigurationPlatforms) = preSolution
		Debug|Any CPU = Debug|Any CPU
		Release|Any CPU = Release|Any CPU
	EndGlobalSection
	GlobalSection(ProjectConfigurationPlatforms) = postSolution
		{95109570-15E9-450E-A0C8-95D5D4B352D0}.Debug|Any CPU.ActiveCfg = Debug|Any CPU
		{95109570-15E9-450E-A0C8-95D5D4B352D0}.Debug|Any CPU.Build.0 = Debug|Any CPU
		{95109570-15E9-450E-A0C8-95D5D4B352D0}.Release|Any CPU.ActiveCfg = Release|Any CPU
		{95109570-15E9-450E-A0C8-95D5D4B352D0}.Release|Any CPU.Build.0 = Release|Any CPU
	EndGlobalSection
	GlobalSection(SolutionProperties) = preSolution
		HideSolutionNode = FALSE
	EndGlobalSection
	GlobalSection(ExtensibilityGlobals) = postSolution
		SolutionGuid = {62E4F696-2C1F-4A2B-A79E-24BED49D57B7}
	EndGlobalSection
EndGlobal
